<Solution>
  <Folder Name="/.github/" />
  <Folder Name="/.github/workflows/">
    <File Path=".github/workflows/ci.yml" />
    <File Path=".github/workflows/release.yml" />
  </Folder>
  <Folder Name="/.root/">
    <File Path=".gitignore" />
    <File Path=".mcp.json" />
    <File Path="action.yml" />
    <File Path="Dockerfile" />
    <File Path="README.md" />
  </Folder>
  <Folder Name="/config/">
    <File Path="config/default-rules.yml" />
  </Folder>
  <Folder Name="/docs/" />
  <Folder Name="/docs/rules/">
    <File Path="docs/rules/MOD001.md" />
    <File Path="docs/rules/MOD002.md" />
    <File Path="docs/rules/MOD003.md" />
    <File Path="docs/rules/MOD004.md" />
    <File Path="docs/rules/MOD005.md" />
    <File Path="docs/rules/MOD006.md" />
    <File Path="docs/rules/MOD007.md" />
    <File Path="docs/rules/MOD008.md" />
    <File Path="docs/rules/MOD009.md" />
    <File Path="docs/rules/MOD010.md" />
    <File Path="docs/rules/MOD011.md" />
    <File Path="docs/rules/MOD012.md" />
    <File Path="docs/rules/MOD013.md" />
  </Folder>
  <Folder Name="/src/">
    <Project Path="src/Analyzer.Action/Analyzer.Action.csproj" />
    <Project Path="src/Analyzer.Cli/Analyzer.Cli.csproj" />
    <Project Path="src/Analyzer.Core/Analyzer.Core.csproj" />
    <Project Path="src/Analyzer.Extension/Analyzer.Extension.csproj" />
    <Project Path="src/Analyzer.Mcp/Analyzer.Mcp.csproj" />
  </Folder>
  <Folder Name="/tests/">
    <Project Path="tests/Analyzer.Core.Tests/Analyzer.Core.Tests.csproj" />
  </Folder>
</Solution>
