
Microsoft Visual Studio Solution File, Format Version 12.00
# Visual Studio Version 17
VisualStudioVersion = 17.0.31903.59
MinimumVisualStudioVersion = 10.0.40219.1
Project("{2150E333-8FDC-42A3-9474-1A3956D46DE8}") = "src", "src", "{827E0CD3-B72D-47B6-A68D-7590B98EB39B}"
EndProject
Project("{FAE04EC0-301F-11D3-BF4B-00C04F79EFBC}") = "Analyzer.Action", "src\Analyzer.Action\Analyzer.Action.csproj", "{7CA4DE66-0756-4C63-ADA1-AFD9E5FEC9EE}"
EndProject
Project("{FAE04EC0-301F-11D3-BF4B-00C04F79EFBC}") = "Analyzer.Core", "src\Analyzer.Core\Analyzer.Core.csproj", "{4F51E39C-CAB7-44CB-8CC5-B0F3FA777AE5}"
EndProject
Project("{FAE04EC0-301F-11D3-BF4B-00C04F79EFBC}") = "Analyzer.Cli", "src\Analyzer.Cli\Analyzer.Cli.csproj", "{BB2731E9-9052-4873-9070-927B13584736}"
EndProject
Project("{FAE04EC0-301F-11D3-BF4B-00C04F79EFBC}") = "Analyzer.Extension", "src\Analyzer.Extension\Analyzer.Extension.csproj", "{02E4F54D-D28F-4A51-9104-E4AC107734EA}"
EndProject
Project("{FAE04EC0-301F-11D3-BF4B-00C04F79EFBC}") = "Analyzer.Mcp", "src\Analyzer.Mcp\Analyzer.Mcp.csproj", "{4044F989-A023-4DAF-BA97-246CC6CBB16F}"
EndProject
Project("{2150E333-8FDC-42A3-9474-1A3956D46DE8}") = "tests", "tests", "{0AB3BF05-4346-4AA6-1389-037BE0695223}"
EndProject
Project("{FAE04EC0-301F-11D3-BF4B-00C04F79EFBC}") = "Analyzer.Core.Tests", "tests\Analyzer.Core.Tests\Analyzer.Core.Tests.csproj", "{9ADB7857-7CD3-4465-90F2-60A8049BA789}"
EndProject
Global
	GlobalSection(SolutionConfigurationPlatforms) = preSolution
		Debug|Any CPU = Debug|Any CPU
		Debug|x64 = Debug|x64
		Debug|x86 = Debug|x86
		Release|Any CPU = Release|Any CPU
		Release|x64 = Release|x64
		Release|x86 = Release|x86
	EndGlobalSection
	GlobalSection(ProjectConfigurationPlatforms) = postSolution
		{7CA4DE66-0756-4C63-ADA1-AFD9E5FEC9EE}.Debug|Any CPU.ActiveCfg = Debug|Any CPU
		{7CA4DE66-0756-4C63-ADA1-AFD9E5FEC9EE}.Debug|Any CPU.Build.0 = Debug|Any CPU
		{7CA4DE66-0756-4C63-ADA1-AFD9E5FEC9EE}.Debug|x64.ActiveCfg = Debug|Any CPU
		{7CA4DE66-0756-4C63-ADA1-AFD9E5FEC9EE}.Debug|x64.Build.0 = Debug|Any CPU
		{7CA4DE66-0756-4C63-ADA1-AFD9E5FEC9EE}.Debug|x86.ActiveCfg = Debug|Any CPU
		{7CA4DE66-0756-4C63-ADA1-AFD9E5FEC9EE}.Debug|x86.Build.0 = Debug|Any CPU
		{7CA4DE66-0756-4C63-ADA1-AFD9E5FEC9EE}.Release|Any CPU.ActiveCfg = Release|Any CPU
		{7CA4DE66-0756-4C63-ADA1-AFD9E5FEC9EE}.Release|Any CPU.Build.0 = Release|Any CPU
		{7CA4DE66-0756-4C63-ADA1-AFD9E5FEC9EE}.Release|x64.ActiveCfg = Release|Any CPU
		{7CA4DE66-0756-4C63-ADA1-AFD9E5FEC9EE}.Release|x64.Build.0 = Release|Any CPU
		{7CA4DE66-0756-4C63-ADA1-AFD9E5FEC9EE}.Release|x86.ActiveCfg = Release|Any CPU
		{7CA4DE66-0756-4C63-ADA1-AFD9E5FEC9EE}.Release|x86.Build.0 = Release|Any CPU
		{4F51E39C-CAB7-44CB-8CC5-B0F3FA777AE5}.Debug|Any CPU.ActiveCfg = Debug|Any CPU
		{4F51E39C-CAB7-44CB-8CC5-B0F3FA777AE5}.Debug|Any CPU.Build.0 = Debug|Any CPU
		{4F51E39C-CAB7-44CB-8CC5-B0F3FA777AE5}.Debug|x64.ActiveCfg = Debug|Any CPU
		{4F51E39C-CAB7-44CB-8CC5-B0F3FA777AE5}.Debug|x64.Build.0 = Debug|Any CPU
		{4F51E39C-CAB7-44CB-8CC5-B0F3FA777AE5}.Debug|x86.ActiveCfg = Debug|Any CPU
		{4F51E39C-CAB7-44CB-8CC5-B0F3FA777AE5}.Debug|x86.Build.0 = Debug|Any CPU
		{4F51E39C-CAB7-44CB-8CC5-B0F3FA777AE5}.Release|Any CPU.ActiveCfg = Release|Any CPU
		{4F51E39C-CAB7-44CB-8CC5-B0F3FA777AE5}.Release|Any CPU.Build.0 = Release|Any CPU
		{4F51E39C-CAB7-44CB-8CC5-B0F3FA777AE5}.Release|x64.ActiveCfg = Release|Any CPU
		{4F51E39C-CAB7-44CB-8CC5-B0F3FA777AE5}.Release|x64.Build.0 = Release|Any CPU
		{4F51E39C-CAB7-44CB-8CC5-B0F3FA777AE5}.Release|x86.ActiveCfg = Release|Any CPU
		{4F51E39C-CAB7-44CB-8CC5-B0F3FA777AE5}.Release|x86.Build.0 = Release|Any CPU
		{BB2731E9-9052-4873-9070-927B13584736}.Debug|Any CPU.ActiveCfg = Debug|Any CPU
		{BB2731E9-9052-4873-9070-927B13584736}.Debug|Any CPU.Build.0 = Debug|Any CPU
		{BB2731E9-9052-4873-9070-927B13584736}.Debug|x64.ActiveCfg = Debug|Any CPU
		{BB2731E9-9052-4873-9070-927B13584736}.Debug|x64.Build.0 = Debug|Any CPU
		{BB2731E9-9052-4873-9070-927B13584736}.Debug|x86.ActiveCfg = Debug|Any CPU
		{BB2731E9-9052-4873-9070-927B13584736}.Debug|x86.Build.0 = Debug|Any CPU
		{BB2731E9-9052-4873-9070-927B13584736}.Release|Any CPU.ActiveCfg = Release|Any CPU
		{BB2731E9-9052-4873-9070-927B13584736}.Release|Any CPU.Build.0 = Release|Any CPU
		{BB2731E9-9052-4873-9070-927B13584736}.Release|x64.ActiveCfg = Release|Any CPU
		{BB2731E9-9052-4873-9070-927B13584736}.Release|x64.Build.0 = Release|Any CPU
		{BB2731E9-9052-4873-9070-927B13584736}.Release|x86.ActiveCfg = Release|Any CPU
		{BB2731E9-9052-4873-9070-927B13584736}.Release|x86.Build.0 = Release|Any CPU
		{02E4F54D-D28F-4A51-9104-E4AC107734EA}.Debug|Any CPU.ActiveCfg = Debug|Any CPU
		{02E4F54D-D28F-4A51-9104-E4AC107734EA}.Debug|Any CPU.Build.0 = Debug|Any CPU
		{02E4F54D-D28F-4A51-9104-E4AC107734EA}.Debug|x64.ActiveCfg = Debug|Any CPU
		{02E4F54D-D28F-4A51-9104-E4AC107734EA}.Debug|x64.Build.0 = Debug|Any CPU
		{02E4F54D-D28F-4A51-9104-E4AC107734EA}.Debug|x86.ActiveCfg = Debug|Any CPU
		{02E4F54D-D28F-4A51-9104-E4AC107734EA}.Debug|x86.Build.0 = Debug|Any CPU
		{02E4F54D-D28F-4A51-9104-E4AC107734EA}.Release|Any CPU.ActiveCfg = Release|Any CPU
		{02E4F54D-D28F-4A51-9104-E4AC107734EA}.Release|Any CPU.Build.0 = Release|Any CPU
		{02E4F54D-D28F-4A51-9104-E4AC107734EA}.Release|x64.ActiveCfg = Release|Any CPU
		{02E4F54D-D28F-4A51-9104-E4AC107734EA}.Release|x64.Build.0 = Release|Any CPU
		{02E4F54D-D28F-4A51-9104-E4AC107734EA}.Release|x86.ActiveCfg = Release|Any CPU
		{02E4F54D-D28F-4A51-9104-E4AC107734EA}.Release|x86.Build.0 = Release|Any CPU
		{4044F989-A023-4DAF-BA97-246CC6CBB16F}.Debug|Any CPU.ActiveCfg = Debug|Any CPU
		{4044F989-A023-4DAF-BA97-246CC6CBB16F}.Debug|Any CPU.Build.0 = Debug|Any CPU
		{4044F989-A023-4DAF-BA97-246CC6CBB16F}.Debug|x64.ActiveCfg = Debug|Any CPU
		{4044F989-A023-4DAF-BA97-246CC6CBB16F}.Debug|x64.Build.0 = Debug|Any CPU
		{4044F989-A023-4DAF-BA97-246CC6CBB16F}.Debug|x86.ActiveCfg = Debug|Any CPU
		{4044F989-A023-4DAF-BA97-246CC6CBB16F}.Debug|x86.Build.0 = Debug|Any CPU
		{4044F989-A023-4DAF-BA97-246CC6CBB16F}.Release|Any CPU.ActiveCfg = Release|Any CPU
		{4044F989-A023-4DAF-BA97-246CC6CBB16F}.Release|Any CPU.Build.0 = Release|Any CPU
		{4044F989-A023-4DAF-BA97-246CC6CBB16F}.Release|x64.ActiveCfg = Release|Any CPU
		{4044F989-A023-4DAF-BA97-246CC6CBB16F}.Release|x64.Build.0 = Release|Any CPU
		{4044F989-A023-4DAF-BA97-246CC6CBB16F}.Release|x86.ActiveCfg = Release|Any CPU
		{4044F989-A023-4DAF-BA97-246CC6CBB16F}.Release|x86.Build.0 = Release|Any CPU
		{9ADB7857-7CD3-4465-90F2-60A8049BA789}.Debug|Any CPU.ActiveCfg = Debug|Any CPU
		{9ADB7857-7CD3-4465-90F2-60A8049BA789}.Debug|Any CPU.Build.0 = Debug|Any CPU
		{9ADB7857-7CD3-4465-90F2-60A8049BA789}.Debug|x64.ActiveCfg = Debug|Any CPU
		{9ADB7857-7CD3-4465-90F2-60A8049BA789}.Debug|x64.Build.0 = Debug|Any CPU
		{9ADB7857-7CD3-4465-90F2-60A8049BA789}.Debug|x86.ActiveCfg = Debug|Any CPU
		{9ADB7857-7CD3-4465-90F2-60A8049BA789}.Debug|x86.Build.0 = Debug|Any CPU
		{9ADB7857-7CD3-4465-90F2-60A8049BA789}.Release|Any CPU.ActiveCfg = Release|Any CPU
		{9ADB7857-7CD3-4465-90F2-60A8049BA789}.Release|Any CPU.Build.0 = Release|Any CPU
		{9ADB7857-7CD3-4465-90F2-60A8049BA789}.Release|x64.ActiveCfg = Release|Any CPU
		{9ADB7857-7CD3-4465-90F2-60A8049BA789}.Release|x64.Build.0 = Release|Any CPU
		{9ADB7857-7CD3-4465-90F2-60A8049BA789}.Release|x86.ActiveCfg = Release|Any CPU
		{9ADB7857-7CD3-4465-90F2-60A8049BA789}.Release|x86.Build.0 = Release|Any CPU
	EndGlobalSection
	GlobalSection(SolutionProperties) = preSolution
		HideSolutionNode = FALSE
	EndGlobalSection
	GlobalSection(NestedProjects) = preSolution
		{7CA4DE66-0756-4C63-ADA1-AFD9E5FEC9EE} = {827E0CD3-B72D-47B6-A68D-7590B98EB39B}
		{4F51E39C-CAB7-44CB-8CC5-B0F3FA777AE5} = {827E0CD3-B72D-47B6-A68D-7590B98EB39B}
		{BB2731E9-9052-4873-9070-927B13584736} = {827E0CD3-B72D-47B6-A68D-7590B98EB39B}
		{02E4F54D-D28F-4A51-9104-E4AC107734EA} = {827E0CD3-B72D-47B6-A68D-7590B98EB39B}
		{4044F989-A023-4DAF-BA97-246CC6CBB16F} = {827E0CD3-B72D-47B6-A68D-7590B98EB39B}
		{9ADB7857-7CD3-4465-90F2-60A8049BA789} = {0AB3BF05-4346-4AA6-1389-037BE0695223}
	EndGlobalSection
EndGlobal
